
Microsoft Visual Studio Solution File, Format Version 12.00
# Visual Studio Version 16
VisualStudioVersion = 16.0.31727.386
MinimumVisualStudioVersion = 10.0.40219.1
Project("{13B669BE-BB05-4DDF-9536-439F39A36129}") = "PHPWebProject3", "C:\Users\Acer\source\repos\PHPWebProject3\PHPWebProject3\PHPWebProject3.phpproj", "{3D4C0D7F-2A01-475B-BC16-E51AE13F1872}"
EndProject
Global
	GlobalSection(SolutionConfigurationPlatforms) = preSolution
		Debug|Any CPU = Debug|Any CPU
		Release|Any CPU = Release|Any CPU
	EndGlobalSection
	GlobalSection(ProjectConfigurationPlatforms) = postSolution
		{3D4C0D7F-2A01-475B-BC16-E51AE13F1872}.Debug|Any CPU.ActiveCfg = Debug|Any CPU
		{3D4C0D7F-2A01-475B-BC16-E51AE13F1872}.Debug|Any CPU.Build.0 = Debug|Any CPU
		{3D4C0D7F-2A01-475B-BC16-E51AE13F1872}.Release|Any CPU.ActiveCfg = Release|Any CPU
		{3D4C0D7F-2A01-475B-BC16-E51AE13F1872}.Release|Any CPU.Build.0 = Release|Any CPU
	EndGlobalSection
	GlobalSection(SolutionProperties) = preSolution
		HideSolutionNode = FALSE
	EndGlobalSection
	GlobalSection(ExtensibilityGlobals) = postSolution
		SolutionGuid = {D89CDB38-DE30-4E3C-B703-2129A71A4A49}
	EndGlobalSection
EndGlobal
