
Microsoft Visual Studio Solution File, Format Version 12.00
# Visual Studio Version 16
VisualStudioVersion = 16.0.31624.102
MinimumVisualStudioVersion = 10.0.40219.1
Project("{13B669BE-BB05-4DDF-9536-439F39A36129}") = "08_Experiencia1", "08_Experiencia1.phpproj", "{EDEBB0EB-4BC6-4D68-A76F-30C279726121}"
EndProject
Global
	GlobalSection(SolutionConfigurationPlatforms) = preSolution
		Debug|Any CPU = Debug|Any CPU
		Release|Any CPU = Release|Any CPU
	EndGlobalSection
	GlobalSection(ProjectConfigurationPlatforms) = postSolution
		{EDEBB0EB-4BC6-4D68-A76F-30C279726121}.Debug|Any CPU.ActiveCfg = Debug|Any CPU
		{EDEBB0EB-4BC6-4D68-A76F-30C279726121}.Debug|Any CPU.Build.0 = Debug|Any CPU
		{EDEBB0EB-4BC6-4D68-A76F-30C279726121}.Release|Any CPU.ActiveCfg = Release|Any CPU
		{EDEBB0EB-4BC6-4D68-A76F-30C279726121}.Release|Any CPU.Build.0 = Release|Any CPU
	EndGlobalSection
	GlobalSection(SolutionProperties) = preSolution
		HideSolutionNode = FALSE
	EndGlobalSection
	GlobalSection(ExtensibilityGlobals) = postSolution
		SolutionGuid = {56F47467-8FD4-4F94-90ED-42D0F98F5C7B}
	EndGlobalSection
EndGlobal
